{
    "_readme": [
        "This file locks the dependencies of your project to a known state",
        "Read more about it at https://getcomposer.org/doc/01-basic-usage.md#installing-dependencies",
        "This file is @generated automatically"
    ],
    "content-hash": "6a8b4259bd08c1e4de6ad340be9153a1",
    "packages": [
        {
            "name": "brick/math",
            "version": "0.9.2",
            "source": {
                "type": "git",
                "url": "https://github.com/brick/math.git",
                "reference": "dff976c2f3487d42c1db75a3b180e2b9f0e72ce0"
            },
            "dist": {
                "type": "zip",
                "url": "https://api.github.com/repos/brick/math/zipball/dff976c2f3487d42c1db75a3b180e2b9f0e72ce0",
                "reference": "dff976c2f3487d42c1db75a3b180e2b9f0e72ce0",
                "shasum": ""
            },
            "require": {
                "ext-json": "*",
                "php": "^7.1 || ^8.0"
            },
            "require-dev": {
                "php-coveralls/php-coveralls": "^2.2",
                "phpunit/phpunit": "^7.5.15 || ^8.5 || ^9.0",
                "vimeo/psalm": "4.3.2"
            },
            "type": "library",
            "autoload": {
                "psr-4": {
                    "Brick\\Math\\": "src/"
                }
            },
            "notification-url": "https://packagist.org/downloads/",
            "license": [
                "MIT"
            ],
            "description": "Arbitrary-precision arithmetic library",
            "keywords": [
                "Arbitrary-precision",
                "BigInteger",
                "BigRational",
                "arithmetic",
                "bigdecimal",
                "bignum",
                "brick",
                "math"
            ],
            "support": {
                "issues": "https://github.com/brick/math/issues",
                "source": "https://github.com/brick/math/tree/0.9.2"
            },
            "funding": [
                {
                    "url": "https://tidelift.com/funding/github/packagist/brick/math",
                    "type": "tidelift"
                }
            ],
            "time": "2021-01-20T22:51:39+00:00"
        },
        {
            "name": "drewlabs/contracts",
            "version": "v1.0.x-dev",
            "source": {
                "type": "git",
                "url": "git@github.com:liksoft/drewlabs-php-contracts.git",
                "reference": "0aeea5617b0c82fe7691edb021817e48932f0d78"
            },
            "dist": {
                "type": "zip",
                "url": "https://api.github.com/repos/liksoft/drewlabs-php-contracts/zipball/0aeea5617b0c82fe7691edb021817e48932f0d78",
                "reference": "0aeea5617b0c82fe7691edb021817e48932f0d78",
                "shasum": ""
            },
            "require": {
                "php": ">=7.0",
                "psr/http-message": "^1.0"
            },
            "type": "library",
            "extra": {
                "branch-alias": {
                    "dev-master": "v1.2.x-dev"
                }
            },
            "autoload": {
                "psr-4": {
                    "Drewlabs\\Contracts\\": "src/"
                }
            },
            "license": [
                "MIT"
            ],
            "authors": [
                {
                    "name": "Azandrew",
                    "email": "azandrewdevelopper@gmail.com"
                }
            ],
            "description": "Repository for libraries interfaces",
            "support": {
                "source": "https://github.com/liksoft/drewlabs-php-contracts/tree/v1.0"
            },
            "time": "2021-07-20T17:20:38+00:00"
        },
        {
            "name": "drewlabs/core-helpers",
            "version": "v1.0.x-dev",
            "source": {
                "type": "git",
                "url": "git@github.com:liksoft/drewlabs-php-core-helpers.git",
                "reference": "fd78258fb97d15e708c761cacf3ade4d1bb26564"
            },
            "dist": {
                "type": "zip",
                "url": "https://api.github.com/repos/liksoft/drewlabs-php-core-helpers/zipball/fd78258fb97d15e708c761cacf3ade4d1bb26564",
                "reference": "fd78258fb97d15e708c761cacf3ade4d1bb26564",
                "shasum": ""
            },
            "require": {
                "drewlabs/contracts": "v1.0.x-dev",
                "php": ">=7.0",
                "psr/http-message": "^1.0",
                "ramsey/uuid": "^4.1",
                "tuupola/base62": "^2.1"
            },
            "require-dev": {
                "friendsofphp/php-cs-fixer": "^3.0",
                "nyholm/psr7": "^1.3",
                "nyholm/psr7-server": "^1.0",
                "phpunit/phpunit": "^9.0"
            },
            "type": "library",
            "autoload": {
                "psr-4": {
                    "Drewlabs\\Core\\Helpers\\": "src/"
                },
                "files": [
                    "src/array.php",
                    "src/datetime.php",
                    "src/strings.php",
                    "src/utils.php",
                    "src/random.php",
                    "src/compose.php",
                    "src/immutable.php",
                    "src/format.php",
                    "src/url.php",
                    "src/hashing.php",
                    "src/callables.php",
                    "src/reflector.php",
                    "src/iterators.php"
                ],
                "optimize-autoloader": true
            },
            "autoload-dev": {
                "psr-4": {
                    "Drewlabs\\Core\\Helpers\\Tests\\": "tests/"
                }
            },
            "license": [
                "MIT"
            ],
            "authors": [
                {
                    "name": "azandrew-sidoine",
                    "email": "asmyns.platonnas29@gmail.com"
                }
            ],
            "description": "Set of global function for handling utility task ranging from array, string and datetimes manipulations",
            "support": {
                "source": "https://github.com/liksoft/drewlabs-php-core-helpers/tree/v1.0"
            },
            "time": "2021-08-04T14:20:42+00:00"
        },
        {
            "name": "psr/http-message",
            "version": "1.0.1",
            "source": {
                "type": "git",
                "url": "https://github.com/php-fig/http-message.git",
                "reference": "f6561bf28d520154e4b0ec72be95418abe6d9363"
            },
            "dist": {
                "type": "zip",
                "url": "https://api.github.com/repos/php-fig/http-message/zipball/f6561bf28d520154e4b0ec72be95418abe6d9363",
                "reference": "f6561bf28d520154e4b0ec72be95418abe6d9363",
                "shasum": ""
            },
            "require": {
                "php": ">=5.3.0"
            },
            "type": "library",
            "extra": {
                "branch-alias": {
                    "dev-master": "1.0.x-dev"
                }
            },
            "autoload": {
                "psr-4": {
                    "Psr\\Http\\Message\\": "src/"
                }
            },
            "notification-url": "https://packagist.org/downloads/",
            "license": [
                "MIT"
            ],
            "authors": [
                {
                    "name": "PHP-FIG",
                    "homepage": "http://www.php-fig.org/"
                }
            ],
            "description": "Common interface for HTTP messages",
            "homepage": "https://github.com/php-fig/http-message",
            "keywords": [
                "http",
                "http-message",
                "psr",
                "psr-7",
                "request",
                "response"
            ],
            "support": {
                "source": "https://github.com/php-fig/http-message/tree/master"
            },
            "time": "2016-08-06T14:39:51+00:00"
        },
        {
            "name": "ramsey/collection",
            "version": "1.1.4",
            "source": {
                "type": "git",
                "url": "https://github.com/ramsey/collection.git",
                "reference": "ab2237657ad99667a5143e32ba2683c8029563d4"
            },
            "dist": {
                "type": "zip",
                "url": "https://api.github.com/repos/ramsey/collection/zipball/ab2237657ad99667a5143e32ba2683c8029563d4",
                "reference": "ab2237657ad99667a5143e32ba2683c8029563d4",
                "shasum": ""
            },
            "require": {
                "php": "^7.2 || ^8"
            },
            "require-dev": {
                "captainhook/captainhook": "^5.3",
                "dealerdirect/phpcodesniffer-composer-installer": "^0.7.0",
                "ergebnis/composer-normalize": "^2.6",
                "fakerphp/faker": "^1.5",
                "hamcrest/hamcrest-php": "^2",
                "jangregor/phpstan-prophecy": "^0.8",
                "mockery/mockery": "^1.3",
                "phpstan/extension-installer": "^1",
                "phpstan/phpstan": "^0.12.32",
                "phpstan/phpstan-mockery": "^0.12.5",
                "phpstan/phpstan-phpunit": "^0.12.11",
                "phpunit/phpunit": "^8.5 || ^9",
                "psy/psysh": "^0.10.4",
                "slevomat/coding-standard": "^6.3",
                "squizlabs/php_codesniffer": "^3.5",
                "vimeo/psalm": "^4.4"
            },
            "type": "library",
            "autoload": {
                "psr-4": {
                    "Ramsey\\Collection\\": "src/"
                }
            },
            "notification-url": "https://packagist.org/downloads/",
            "license": [
                "MIT"
            ],
            "authors": [
                {
                    "name": "Ben Ramsey",
                    "email": "ben@benramsey.com",
                    "homepage": "https://benramsey.com"
                }
            ],
            "description": "A PHP 7.2+ library for representing and manipulating collections.",
            "keywords": [
                "array",
                "collection",
                "hash",
                "map",
                "queue",
                "set"
            ],
            "support": {
                "issues": "https://github.com/ramsey/collection/issues",
                "source": "https://github.com/ramsey/collection/tree/1.1.4"
            },
            "funding": [
                {
                    "url": "https://github.com/ramsey",
                    "type": "github"
                },
                {
                    "url": "https://tidelift.com/funding/github/packagist/ramsey/collection",
                    "type": "tidelift"
                }
            ],
            "time": "2021-07-30T00:58:27+00:00"
        },
        {
            "name": "ramsey/uuid",
            "version": "4.1.1",
            "source": {
                "type": "git",
                "url": "https://github.com/ramsey/uuid.git",
                "reference": "cd4032040a750077205918c86049aa0f43d22947"
            },
            "dist": {
                "type": "zip",
                "url": "https://api.github.com/repos/ramsey/uuid/zipball/cd4032040a750077205918c86049aa0f43d22947",
                "reference": "cd4032040a750077205918c86049aa0f43d22947",
                "shasum": ""
            },
            "require": {
                "brick/math": "^0.8 || ^0.9",
                "ext-json": "*",
                "php": "^7.2 || ^8",
                "ramsey/collection": "^1.0",
                "symfony/polyfill-ctype": "^1.8"
            },
            "replace": {
                "rhumsaa/uuid": "self.version"
            },
            "require-dev": {
                "codeception/aspect-mock": "^3",
                "dealerdirect/phpcodesniffer-composer-installer": "^0.6.2 || ^0.7.0",
                "doctrine/annotations": "^1.8",
                "goaop/framework": "^2",
                "mockery/mockery": "^1.3",
                "moontoast/math": "^1.1",
                "paragonie/random-lib": "^2",
                "php-mock/php-mock-mockery": "^1.3",
                "php-mock/php-mock-phpunit": "^2.5",
                "php-parallel-lint/php-parallel-lint": "^1.1",
                "phpbench/phpbench": "^0.17.1",
                "phpstan/extension-installer": "^1.0",
                "phpstan/phpstan": "^0.12",
                "phpstan/phpstan-mockery": "^0.12",
                "phpstan/phpstan-phpunit": "^0.12",
                "phpunit/phpunit": "^8.5",
                "psy/psysh": "^0.10.0",
                "slevomat/coding-standard": "^6.0",
                "squizlabs/php_codesniffer": "^3.5",
                "vimeo/psalm": "3.9.4"
            },
            "suggest": {
                "ext-bcmath": "Enables faster math with arbitrary-precision integers using BCMath.",
                "ext-ctype": "Enables faster processing of character classification using ctype functions.",
                "ext-gmp": "Enables faster math with arbitrary-precision integers using GMP.",
                "ext-uuid": "Enables the use of PeclUuidTimeGenerator and PeclUuidRandomGenerator.",
                "paragonie/random-lib": "Provides RandomLib for use with the RandomLibAdapter",
                "ramsey/uuid-doctrine": "Allows the use of Ramsey\\Uuid\\Uuid as Doctrine field type."
            },
            "type": "library",
            "extra": {
                "branch-alias": {
                    "dev-master": "4.x-dev"
                }
            },
            "autoload": {
                "psr-4": {
                    "Ramsey\\Uuid\\": "src/"
                },
                "files": [
                    "src/functions.php"
                ]
            },
            "notification-url": "https://packagist.org/downloads/",
            "license": [
                "MIT"
            ],
            "description": "A PHP library for generating and working with universally unique identifiers (UUIDs).",
            "homepage": "https://github.com/ramsey/uuid",
            "keywords": [
                "guid",
                "identifier",
                "uuid"
            ],
            "support": {
                "issues": "https://github.com/ramsey/uuid/issues",
                "rss": "https://github.com/ramsey/uuid/releases.atom",
                "source": "https://github.com/ramsey/uuid"
            },
            "funding": [
                {
                    "url": "https://github.com/ramsey",
                    "type": "github"
                }
            ],
            "time": "2020-08-18T17:17:46+00:00"
        },
        {
            "name": "symfony/polyfill-ctype",
            "version": "v1.23.0",
            "source": {
                "type": "git",
                "url": "https://github.com/symfony/polyfill-ctype.git",
                "reference": "46cd95797e9df938fdd2b03693b5fca5e64b01ce"
            },
            "dist": {
                "type": "zip",
                "url": "https://api.github.com/repos/symfony/polyfill-ctype/zipball/46cd95797e9df938fdd2b03693b5fca5e64b01ce",
                "reference": "46cd95797e9df938fdd2b03693b5fca5e64b01ce",
                "shasum": ""
            },
            "require": {
                "php": ">=7.1"
            },
            "suggest": {
                "ext-ctype": "For best performance"
            },
            "type": "library",
            "extra": {
                "branch-alias": {
                    "dev-main": "1.23-dev"
                },
                "thanks": {
                    "name": "symfony/polyfill",
                    "url": "https://github.com/symfony/polyfill"
                }
            },
            "autoload": {
                "psr-4": {
                    "Symfony\\Polyfill\\Ctype\\": ""
                },
                "files": [
                    "bootstrap.php"
                ]
            },
            "notification-url": "https://packagist.org/downloads/",
            "license": [
                "MIT"
            ],
            "authors": [
                {
                    "name": "Gert de Pagter",
                    "email": "BackEndTea@gmail.com"
                },
                {
                    "name": "Symfony Community",
                    "homepage": "https://symfony.com/contributors"
                }
            ],
            "description": "Symfony polyfill for ctype functions",
            "homepage": "https://symfony.com",
            "keywords": [
                "compatibility",
                "ctype",
                "polyfill",
                "portable"
            ],
            "support": {
                "source": "https://github.com/symfony/polyfill-ctype/tree/v1.23.0"
            },
            "funding": [
                {
                    "url": "https://symfony.com/sponsor",
                    "type": "custom"
                },
                {
                    "url": "https://github.com/fabpot",
                    "type": "github"
                },
                {
                    "url": "https://tidelift.com/funding/github/packagist/symfony/symfony",
                    "type": "tidelift"
                }
            ],
            "time": "2021-02-19T12:13:01+00:00"
        },
        {
            "name": "tuupola/base62",
            "version": "2.1.0",
            "source": {
                "type": "git",
                "url": "https://github.com/tuupola/base62.git",
                "reference": "7406145a9cf8c567cd35ad7358d1b24828cbcfdb"
            },
            "dist": {
                "type": "zip",
                "url": "https://api.github.com/repos/tuupola/base62/zipball/7406145a9cf8c567cd35ad7358d1b24828cbcfdb",
                "reference": "7406145a9cf8c567cd35ad7358d1b24828cbcfdb",
                "shasum": ""
            },
            "require": {
                "php": "^7.1|^8.0"
            },
            "require-dev": {
                "overtrue/phplint": "^1.0",
                "phpbench/phpbench": "^0.15.0",
                "phpstan/phpstan": "^0.12.38",
                "phpunit/phpunit": "^7.0|^8.0|^9.0",
                "squizlabs/php_codesniffer": "^3.0"
            },
            "suggest": {
                "ext-gmp": "GMP extension provides the fastest encoding and decoding."
            },
            "type": "library",
            "autoload": {
                "psr-4": {
                    "Tuupola\\": "src"
                }
            },
            "notification-url": "https://packagist.org/downloads/",
            "license": [
                "MIT"
            ],
            "authors": [
                {
                    "name": "Mika Tuupola",
                    "email": "tuupola@appelsiini.net",
                    "homepage": "https://appelsiini.net/",
                    "role": "Developer"
                }
            ],
            "description": "Base62 encoder and decoder for arbitrary data",
            "homepage": "https://github.com/tuupola/base62",
            "keywords": [
                "base62"
            ],
            "support": {
                "issues": "https://github.com/tuupola/base62/issues",
                "source": "https://github.com/tuupola/base62/tree/2.1.0"
            },
            "funding": [
                {
                    "url": "https://github.com/tuupola",
                    "type": "github"
                }
            ],
            "time": "2020-09-09T15:05:36+00:00"
        }
    ],
    "packages-dev": [],
    "aliases": [],
    "minimum-stability": "stable",
    "stability-flags": {
        "drewlabs/contracts": 20,
        "drewlabs/core-helpers": 20
    },
    "prefer-stable": false,
    "prefer-lowest": false,
    "platform": {
        "php": "^7.3|^8.0"
    },
    "platform-dev": [],
    "plugin-api-version": "2.1.0"
}
